
Microsoft Visual Studio Solution File, Format Version 12.00
# Visual Studio Version 16
VisualStudioVersion = 16.0.31624.102
MinimumVisualStudioVersion = 10.0.40219.1
Project("{8BC9CEB8-8B4A-11D0-8D11-00A0C91BC942}") = "Hometask4", "Hometask4\Hometask4.vcxproj", "{F09795D4-EDFA-46B1-94EF-009DA5840DED}"
EndProject
Global
	GlobalSection(SolutionConfigurationPlatforms) = preSolution
		Debug|x64 = Debug|x64
		Debug|x86 = Debug|x86
		Release|x64 = Release|x64
		Release|x86 = Release|x86
	EndGlobalSection
	GlobalSection(ProjectConfigurationPlatforms) = postSolution
		{F09795D4-EDFA-46B1-94EF-009DA5840DED}.Debug|x64.ActiveCfg = Debug|x64
		{F09795D4-EDFA-46B1-94EF-009DA5840DED}.Debug|x64.Build.0 = Debug|x64
		{F09795D4-EDFA-46B1-94EF-009DA5840DED}.Debug|x86.ActiveCfg = Debug|Win32
		{F09795D4-EDFA-46B1-94EF-009DA5840DED}.Debug|x86.Build.0 = Debug|Win32
		{F09795D4-EDFA-46B1-94EF-009DA5840DED}.Release|x64.ActiveCfg = Release|x64
		{F09795D4-EDFA-46B1-94EF-009DA5840DED}.Release|x64.Build.0 = Release|x64
		{F09795D4-EDFA-46B1-94EF-009DA5840DED}.Release|x86.ActiveCfg = Release|Win32
		{F09795D4-EDFA-46B1-94EF-009DA5840DED}.Release|x86.Build.0 = Release|Win32
	EndGlobalSection
	GlobalSection(SolutionProperties) = preSolution
		HideSolutionNode = FALSE
	EndGlobalSection
	GlobalSection(ExtensibilityGlobals) = postSolution
		SolutionGuid = {57DD64C6-C90F-46D2-A1A4-3F18BC38B238}
	EndGlobalSection
EndGlobal
